
Microsoft Visual Studio Solution File, Format Version 12.00
# Visual Studio Version 16
VisualStudioVersion = 16.0.29920.165
MinimumVisualStudioVersion = 10.0.40219.1
Project("{9A19103F-16F7-4668-BE54-9A1E7A4F7556}") = "Solution1.Module", "Solution1.Module\Solution1.Module.csproj", "{EFCFB4CC-0601-4D6E-A908-52510C213B54}"
EndProject
Project("{9A19103F-16F7-4668-BE54-9A1E7A4F7556}") = "Solution1.Module.Blazor", "Solution1.Module.Blazor\Solution1.Module.Blazor.csproj", "{7D916149-112C-44FB-AEB2-93C467365974}"
EndProject
Project("{9A19103F-16F7-4668-BE54-9A1E7A4F7556}") = "Solution1.Blazor.Server", "Solution1.Blazor.Server\Solution1.Blazor.Server.csproj", "{B614CF39-2910-4F9D-9294-56C94951DC72}"
EndProject
Project("{9A19103F-16F7-4668-BE54-9A1E7A4F7556}") = "Solution1.Module.Win", "Solution1.Module.Win\Solution1.Module.Win.csproj", "{3F8E3BE4-4CFC-4241-B1DA-0F63C02D4AEE}"
EndProject
Project("{9A19103F-16F7-4668-BE54-9A1E7A4F7556}") = "Solution1.Win", "Solution1.Win\Solution1.Win.csproj", "{858DDE3D-6DD6-4BCA-8889-72A6C4E7C4C0}"
EndProject
Global
	GlobalSection(SolutionConfigurationPlatforms) = preSolution
		Debug|Any CPU = Debug|Any CPU
		EasyTest|Any CPU = EasyTest|Any CPU
		Release|Any CPU = Release|Any CPU
	EndGlobalSection
	GlobalSection(ProjectConfigurationPlatforms) = postSolution
		{EFCFB4CC-0601-4D6E-A908-52510C213B54}.Debug|Any CPU.ActiveCfg = Debug|Any CPU
		{EFCFB4CC-0601-4D6E-A908-52510C213B54}.Debug|Any CPU.Build.0 = Debug|Any CPU
		{EFCFB4CC-0601-4D6E-A908-52510C213B54}.EasyTest|Any CPU.ActiveCfg = EasyTest|Any CPU
		{EFCFB4CC-0601-4D6E-A908-52510C213B54}.EasyTest|Any CPU.Build.0 = EasyTest|Any CPU
		{EFCFB4CC-0601-4D6E-A908-52510C213B54}.Release|Any CPU.ActiveCfg = Release|Any CPU
		{EFCFB4CC-0601-4D6E-A908-52510C213B54}.Release|Any CPU.Build.0 = Release|Any CPU
		{7D916149-112C-44FB-AEB2-93C467365974}.Debug|Any CPU.ActiveCfg = Debug|Any CPU
		{7D916149-112C-44FB-AEB2-93C467365974}.Debug|Any CPU.Build.0 = Debug|Any CPU
		{7D916149-112C-44FB-AEB2-93C467365974}.EasyTest|Any CPU.ActiveCfg = EasyTest|Any CPU
		{7D916149-112C-44FB-AEB2-93C467365974}.EasyTest|Any CPU.Build.0 = EasyTest|Any CPU
		{7D916149-112C-44FB-AEB2-93C467365974}.Release|Any CPU.ActiveCfg = Release|Any CPU
		{7D916149-112C-44FB-AEB2-93C467365974}.Release|Any CPU.Build.0 = Release|Any CPU
		{B614CF39-2910-4F9D-9294-56C94951DC72}.Debug|Any CPU.ActiveCfg = Debug|Any CPU
		{B614CF39-2910-4F9D-9294-56C94951DC72}.Debug|Any CPU.Build.0 = Debug|Any CPU
		{B614CF39-2910-4F9D-9294-56C94951DC72}.EasyTest|Any CPU.ActiveCfg = EasyTest|Any CPU
		{B614CF39-2910-4F9D-9294-56C94951DC72}.EasyTest|Any CPU.Build.0 = EasyTest|Any CPU
		{B614CF39-2910-4F9D-9294-56C94951DC72}.Release|Any CPU.ActiveCfg = Release|Any CPU
		{B614CF39-2910-4F9D-9294-56C94951DC72}.Release|Any CPU.Build.0 = Release|Any CPU
		{3F8E3BE4-4CFC-4241-B1DA-0F63C02D4AEE}.Debug|Any CPU.ActiveCfg = Debug|Any CPU
		{3F8E3BE4-4CFC-4241-B1DA-0F63C02D4AEE}.Debug|Any CPU.Build.0 = Debug|Any CPU
		{3F8E3BE4-4CFC-4241-B1DA-0F63C02D4AEE}.EasyTest|Any CPU.ActiveCfg = EasyTest|Any CPU
		{3F8E3BE4-4CFC-4241-B1DA-0F63C02D4AEE}.EasyTest|Any CPU.Build.0 = EasyTest|Any CPU
		{3F8E3BE4-4CFC-4241-B1DA-0F63C02D4AEE}.Release|Any CPU.ActiveCfg = Release|Any CPU
		{3F8E3BE4-4CFC-4241-B1DA-0F63C02D4AEE}.Release|Any CPU.Build.0 = Release|Any CPU
		{858DDE3D-6DD6-4BCA-8889-72A6C4E7C4C0}.Debug|Any CPU.ActiveCfg = Debug|Any CPU
		{858DDE3D-6DD6-4BCA-8889-72A6C4E7C4C0}.Debug|Any CPU.Build.0 = Debug|Any CPU
		{858DDE3D-6DD6-4BCA-8889-72A6C4E7C4C0}.EasyTest|Any CPU.ActiveCfg = EasyTest|Any CPU
		{858DDE3D-6DD6-4BCA-8889-72A6C4E7C4C0}.EasyTest|Any CPU.Build.0 = EasyTest|Any CPU
		{858DDE3D-6DD6-4BCA-8889-72A6C4E7C4C0}.Release|Any CPU.ActiveCfg = Release|Any CPU
		{858DDE3D-6DD6-4BCA-8889-72A6C4E7C4C0}.Release|Any CPU.Build.0 = Release|Any CPU
	EndGlobalSection
	GlobalSection(SolutionProperties) = preSolution
		HideSolutionNode = FALSE
	EndGlobalSection
	GlobalSection(ExtensibilityGlobals) = postSolution
		SolutionGuid = {A9BBEA68-8105-41F7-B2F6-8849F545D8F0}
	EndGlobalSection
EndGlobal
